// !$*UTF8*$!
{
	archiveVersion = 1;
	classes = {
	};
	objectVersion = 46;
	objects = {

/* Begin PBXBuildFile section */
		2C30EF2319B7C17500675799 /* AppDelegate.swift in Sources */ = {isa = PBXBuildFile; fileRef = 2C30EF2219B7C17500675799 /* AppDelegate.swift */; };
		2C30EF2519B7C17500675799 /* MainScreen.swift in Sources */ = {isa = PBXBuildFile; fileRef = 2C30EF2419B7C17500675799 /* MainScreen.swift */; };
		2C30EF2A19B7C17500675799 /* Images.xcassets in Resources */ = {isa = PBXBuildFile; fileRef = 2C30EF2919B7C17500675799 /* Images.xcassets */; };
		2C30EF3619B7C17500675799 /* TileGameTests.swift in Sources */ = {isa = PBXBuildFile; fileRef = 2C30EF3519B7C17500675799 /* TileGameTests.swift */; };
		2C30EF4C19B7CD0700675799 /* GameScreen.swift in Sources */ = {isa = PBXBuildFile; fileRef = 2C30EF4B19B7CD0700675799 /* GameScreen.swift */; };
		2C320D8E1A423C4400B87E80 /* TileAreaView.swift in Sources */ = {isa = PBXBuildFile; fileRef = 2C320D8D1A423C4400B87E80 /* TileAreaView.swift */; };
		2C320D901A424C6400B87E80 /* PuzzleSolvedProtocol.swift in Sources */ = {isa = PBXBuildFile; fileRef = 2C320D8F1A424C6400B87E80 /* PuzzleSolvedProtocol.swift */; };
		2C320D921A438D9A00B87E80 /* TileAreaView2.swift in Sources */ = {isa = PBXBuildFile; fileRef = 2C320D911A438D9A00B87E80 /* TileAreaView2.swift */; };
		2C320D941A43952C00B87E80 /* DoubleIndex.swift in Sources */ = {isa = PBXBuildFile; fileRef = 2C320D931A43952C00B87E80 /* DoubleIndex.swift */; };
		2C320D961A439B9900B87E80 /* Tile.swift in Sources */ = {isa = PBXBuildFile; fileRef = 2C320D951A439B9900B87E80 /* Tile.swift */; };
		2C57D48B1A41016400A4F1AC /* augs.png in Resources */ = {isa = PBXBuildFile; fileRef = 2C57D4801A41016400A4F1AC /* augs.png */; };
		2C57D4981A410CD500A4F1AC /* leftArrow.png in Resources */ = {isa = PBXBuildFile; fileRef = 2C57D4961A410CD500A4F1AC /* leftArrow.png */; };
		2C57D4991A410CD500A4F1AC /* rightArrow.png in Resources */ = {isa = PBXBuildFile; fileRef = 2C57D4971A410CD500A4F1AC /* rightArrow.png */; };
		2C6F89C01A4BBB4A00311891 /* 01small.jpeg in Resources */ = {isa = PBXBuildFile; fileRef = 2C6F89A51A4BBB4A00311891 /* 01small.jpeg */; };
		2C6F89C11A4BBB4A00311891 /* 02small.jpeg in Resources */ = {isa = PBXBuildFile; fileRef = 2C6F89A61A4BBB4A00311891 /* 02small.jpeg */; };
		2C6F89C21A4BBB4A00311891 /* 03small.jpeg in Resources */ = {isa = PBXBuildFile; fileRef = 2C6F89A71A4BBB4A00311891 /* 03small.jpeg */; };
		2C6F89C31A4BBB4A00311891 /* 04small.jpeg in Resources */ = {isa = PBXBuildFile; fileRef = 2C6F89A81A4BBB4A00311891 /* 04small.jpeg */; };
		2C6F89C41A4BBB4A00311891 /* 05small.jpeg in Resources */ = {isa = PBXBuildFile; fileRef = 2C6F89A91A4BBB4A00311891 /* 05small.jpeg */; };
		2C6F89C51A4BBB4A00311891 /* 06small.jpeg in Resources */ = {isa = PBXBuildFile; fileRef = 2C6F89AA1A4BBB4A00311891 /* 06small.jpeg */; };
		2C6F89C61A4BBB4A00311891 /* 07small.jpeg in Resources */ = {isa = PBXBuildFile; fileRef = 2C6F89AB1A4BBB4A00311891 /* 07small.jpeg */; };
		2C6F89C71A4BBB4A00311891 /* 08small.jpeg in Resources */ = {isa = PBXBuildFile; fileRef = 2C6F89AC1A4BBB4A00311891 /* 08small.jpeg */; };
		2C6F89C81A4BBB4A00311891 /* 09small.jpeg in Resources */ = {isa = PBXBuildFile; fileRef = 2C6F89AD1A4BBB4A00311891 /* 09small.jpeg */; };
		2C6F89C91A4BBB4A00311891 /* 10small.jpeg in Resources */ = {isa = PBXBuildFile; fileRef = 2C6F89AE1A4BBB4A00311891 /* 10small.jpeg */; };
		2C6F89CA1A4BBB4A00311891 /* 11small.jpeg in Resources */ = {isa = PBXBuildFile; fileRef = 2C6F89AF1A4BBB4A00311891 /* 11small.jpeg */; };
		2C6F89CB1A4BBB4A00311891 /* 12small.jpeg in Resources */ = {isa = PBXBuildFile; fileRef = 2C6F89B01A4BBB4A00311891 /* 12small.jpeg */; };
		2C6F89CC1A4BBB4A00311891 /* 13small.jpeg in Resources */ = {isa = PBXBuildFile; fileRef = 2C6F89B11A4BBB4A00311891 /* 13small.jpeg */; };
		2C6F89CD1A4BBB4A00311891 /* 14small.jpeg in Resources */ = {isa = PBXBuildFile; fileRef = 2C6F89B21A4BBB4A00311891 /* 14small.jpeg */; };
		2C6F89CE1A4BBB4A00311891 /* 15small.jpeg in Resources */ = {isa = PBXBuildFile; fileRef = 2C6F89B31A4BBB4A00311891 /* 15small.jpeg */; };
		2C6F89CF1A4BBB4A00311891 /* 16small.jpeg in Resources */ = {isa = PBXBuildFile; fileRef = 2C6F89B41A4BBB4A00311891 /* 16small.jpeg */; };
		2C6F89D01A4BBB4A00311891 /* 17small.jpeg in Resources */ = {isa = PBXBuildFile; fileRef = 2C6F89B51A4BBB4A00311891 /* 17small.jpeg */; };
		2C6F89D11A4BBB4A00311891 /* 18small.jpeg in Resources */ = {isa = PBXBuildFile; fileRef = 2C6F89B61A4BBB4A00311891 /* 18small.jpeg */; };
		2C6F89D21A4BBB4A00311891 /* 19small.jpeg in Resources */ = {isa = PBXBuildFile; fileRef = 2C6F89B71A4BBB4A00311891 /* 19small.jpeg */; };
		2C6F89D31A4BBB4A00311891 /* 20small.jpeg in Resources */ = {isa = PBXBuildFile; fileRef = 2C6F89B81A4BBB4A00311891 /* 20small.jpeg */; };
		2C6F89D41A4BBB4A00311891 /* 21small.jpeg in Resources */ = {isa = PBXBuildFile; fileRef = 2C6F89B91A4BBB4A00311891 /* 21small.jpeg */; };
		2C6F89D51A4BBB4A00311891 /* 22small.jpeg in Resources */ = {isa = PBXBuildFile; fileRef = 2C6F89BA1A4BBB4A00311891 /* 22small.jpeg */; };
		2C6F89D61A4BBB4A00311891 /* 23small.jpeg in Resources */ = {isa = PBXBuildFile; fileRef = 2C6F89BB1A4BBB4A00311891 /* 23small.jpeg */; };
		2C6F89D71A4BBB4A00311891 /* 24small.jpeg in Resources */ = {isa = PBXBuildFile; fileRef = 2C6F89BC1A4BBB4A00311891 /* 24small.jpeg */; };
		2C6F89D81A4BBB4A00311891 /* 25small.jpeg in Resources */ = {isa = PBXBuildFile; fileRef = 2C6F89BD1A4BBB4A00311891 /* 25small.jpeg */; };
		2C6F89D91A4BBB4A00311891 /* 26small.jpeg in Resources */ = {isa = PBXBuildFile; fileRef = 2C6F89BE1A4BBB4A00311891 /* 26small.jpeg */; };
		2C6F89DA1A4BBB4A00311891 /* 27small.jpeg in Resources */ = {isa = PBXBuildFile; fileRef = 2C6F89BF1A4BBB4A00311891 /* 27small.jpeg */; };
		2CD299E61A477D620048FDD8 /* 11.jpeg in Resources */ = {isa = PBXBuildFile; fileRef = 2CD299D51A477D620048FDD8 /* 11.jpeg */; };
		2CD299E71A477D620048FDD8 /* 12.jpeg in Resources */ = {isa = PBXBuildFile; fileRef = 2CD299D61A477D620048FDD8 /* 12.jpeg */; };
		2CD299E81A477D620048FDD8 /* 13.jpeg in Resources */ = {isa = PBXBuildFile; fileRef = 2CD299D71A477D620048FDD8 /* 13.jpeg */; };
		2CD299E91A477D620048FDD8 /* 14.jpeg in Resources */ = {isa = PBXBuildFile; fileRef = 2CD299D81A477D620048FDD8 /* 14.jpeg */; };
		2CD299EA1A477D620048FDD8 /* 15.jpeg in Resources */ = {isa = PBXBuildFile; fileRef = 2CD299D91A477D620048FDD8 /* 15.jpeg */; };
		2CD299EB1A477D620048FDD8 /* 16.jpeg in Resources */ = {isa = PBXBuildFile; fileRef = 2CD299DA1A477D620048FDD8 /* 16.jpeg */; };
		2CD299EC1A477D620048FDD8 /* 17.jpeg in Resources */ = {isa = PBXBuildFile; fileRef = 2CD299DB1A477D620048FDD8 /* 17.jpeg */; };
		2CD299ED1A477D620048FDD8 /* 18.jpeg in Resources */ = {isa = PBXBuildFile; fileRef = 2CD299DC1A477D620048FDD8 /* 18.jpeg */; };
		2CD299EE1A477D620048FDD8 /* 19.jpeg in Resources */ = {isa = PBXBuildFile; fileRef = 2CD299DD1A477D620048FDD8 /* 19.jpeg */; };
		2CD299EF1A477D620048FDD8 /* 20.jpeg in Resources */ = {isa = PBXBuildFile; fileRef = 2CD299DE1A477D620048FDD8 /* 20.jpeg */; };
		2CD299F01A477D620048FDD8 /* 21.jpeg in Resources */ = {isa = PBXBuildFile; fileRef = 2CD299DF1A477D620048FDD8 /* 21.jpeg */; };
		2CD299F11A477D620048FDD8 /* 22.jpeg in Resources */ = {isa = PBXBuildFile; fileRef = 2CD299E01A477D620048FDD8 /* 22.jpeg */; };
		2CD299F21A477D620048FDD8 /* 23.jpeg in Resources */ = {isa = PBXBuildFile; fileRef = 2CD299E11A477D620048FDD8 /* 23.jpeg */; };
		2CD299F31A477D620048FDD8 /* 24.jpeg in Resources */ = {isa = PBXBuildFile; fileRef = 2CD299E21A477D620048FDD8 /* 24.jpeg */; };
		2CD299F41A477D620048FDD8 /* 25.jpeg in Resources */ = {isa = PBXBuildFile; fileRef = 2CD299E31A477D620048FDD8 /* 25.jpeg */; };
		2CD299F51A477D620048FDD8 /* 26.jpeg in Resources */ = {isa = PBXBuildFile; fileRef = 2CD299E41A477D620048FDD8 /* 26.jpeg */; };
		2CD299F61A477D620048FDD8 /* 27.jpeg in Resources */ = {isa = PBXBuildFile; fileRef = 2CD299E51A477D620048FDD8 /* 27.jpeg */; };
		2CD299F81A477F640048FDD8 /* ImageGallery.swift in Sources */ = {isa = PBXBuildFile; fileRef = 2CD299F71A477F640048FDD8 /* ImageGallery.swift */; };
		2CD299FC1A47A9BA0048FDD8 /* gridIcon.png in Resources */ = {isa = PBXBuildFile; fileRef = 2CD299FB1A47A9BA0048FDD8 /* gridIcon.png */; };
		2CD422861A450F2400B08420 /* Button.xib in Resources */ = {isa = PBXBuildFile; fileRef = 2CD422851A450F2400B08420 /* Button.xib */; };
		2CD422A51A4528AE00B08420 /* 01.jpeg in Resources */ = {isa = PBXBuildFile; fileRef = 2CD4229B1A4528AE00B08420 /* 01.jpeg */; };
		2CD422A61A4528AE00B08420 /* 02.jpeg in Resources */ = {isa = PBXBuildFile; fileRef = 2CD4229C1A4528AE00B08420 /* 02.jpeg */; };
		2CD422A71A4528AE00B08420 /* 03.jpeg in Resources */ = {isa = PBXBuildFile; fileRef = 2CD4229D1A4528AE00B08420 /* 03.jpeg */; };
		2CD422A81A4528AE00B08420 /* 04.jpeg in Resources */ = {isa = PBXBuildFile; fileRef = 2CD4229E1A4528AE00B08420 /* 04.jpeg */; };
		2CD422A91A4528AE00B08420 /* 05.jpeg in Resources */ = {isa = PBXBuildFile; fileRef = 2CD4229F1A4528AE00B08420 /* 05.jpeg */; };
		2CD422AA1A4528AE00B08420 /* 06.jpeg in Resources */ = {isa = PBXBuildFile; fileRef = 2CD422A01A4528AE00B08420 /* 06.jpeg */; };
		2CD422AB1A4528AE00B08420 /* 07.jpeg in Resources */ = {isa = PBXBuildFile; fileRef = 2CD422A11A4528AE00B08420 /* 07.jpeg */; };
		2CD422AC1A4528AE00B08420 /* 08.jpeg in Resources */ = {isa = PBXBuildFile; fileRef = 2CD422A21A4528AE00B08420 /* 08.jpeg */; };
		2CD422AD1A4528AE00B08420 /* 09.jpeg in Resources */ = {isa = PBXBuildFile; fileRef = 2CD422A31A4528AE00B08420 /* 09.jpeg */; };
		2CD422AE1A4528AE00B08420 /* 10.jpeg in Resources */ = {isa = PBXBuildFile; fileRef = 2CD422A41A4528AE00B08420 /* 10.jpeg */; };
		2CD422B01A45372800B08420 /* CollectionViewImageCell.xib in Resources */ = {isa = PBXBuildFile; fileRef = 2CD422AF1A45372800B08420 /* CollectionViewImageCell.xib */; };
		2CD422B21A453CE500B08420 /* CollectionViewImageCell.swift in Sources */ = {isa = PBXBuildFile; fileRef = 2CD422B11A453CE500B08420 /* CollectionViewImageCell.swift */; };
		2CD422B71A45476700B08420 /* Todo in Resources */ = {isa = PBXBuildFile; fileRef = 2CD422B61A45476700B08420 /* Todo */; };
		2CD422B91A4548C400B08420 /* DrawGrid.swift in Sources */ = {isa = PBXBuildFile; fileRef = 2CD422B81A4548C400B08420 /* DrawGrid.swift */; };
		2CD4899E1A49333E004535A6 /* cameraIcon.png in Resources */ = {isa = PBXBuildFile; fileRef = 2CD4899D1A49333E004535A6 /* cameraIcon.png */; };
		2CD489A41A4935F1004535A6 /* goIcon.png in Resources */ = {isa = PBXBuildFile; fileRef = 2CD489A31A4935F1004535A6 /* goIcon.png */; };
		2CF87B121A47B7D3001CD8E9 /* galleryIcon.png in Resources */ = {isa = PBXBuildFile; fileRef = 2CF87B111A47B7D3001CD8E9 /* galleryIcon.png */; };
		2CF87B171A47D1AA001CD8E9 /* downTriangle.png in Resources */ = {isa = PBXBuildFile; fileRef = 2CF87B131A47D1AA001CD8E9 /* downTriangle.png */; };
		2CF87B181A47D1AA001CD8E9 /* leftTriangle.png in Resources */ = {isa = PBXBuildFile; fileRef = 2CF87B141A47D1AA001CD8E9 /* leftTriangle.png */; };
		2CF87B191A47D1AA001CD8E9 /* rightTriangle.png in Resources */ = {isa = PBXBuildFile; fileRef = 2CF87B151A47D1AA001CD8E9 /* rightTriangle.png */; };
		2CF87B1A1A47D1AA001CD8E9 /* upTriangle.png in Resources */ = {isa = PBXBuildFile; fileRef = 2CF87B161A47D1AA001CD8E9 /* upTriangle.png */; };
		2CFA65AD19B9A8F200D9F40E /* Main.storyboard in Resources */ = {isa = PBXBuildFile; fileRef = 2CFA65AC19B9A8F200D9F40E /* Main.storyboard */; };
/* End PBXBuildFile section */

/* Begin PBXContainerItemProxy section */
		2C30EF3019B7C17500675799 /* PBXContainerItemProxy */ = {
			isa = PBXContainerItemProxy;
			containerPortal = 2C30EF1519B7C17500675799 /* Project object */;
			proxyType = 1;
			remoteGlobalIDString = 2C30EF1C19B7C17500675799;
			remoteInfo = TileGame;
		};
/* End PBXContainerItemProxy section */

/* Begin PBXFileReference section */
		2C30EF1D19B7C17500675799 /* TileGame.app */ = {isa = PBXFileReference; explicitFileType = wrapper.application; includeInIndex = 0; path = TileGame.app; sourceTree = BUILT_PRODUCTS_DIR; };
		2C30EF2119B7C17500675799 /* Info.plist */ = {isa = PBXFileReference; lastKnownFileType = text.plist.xml; path = Info.plist; sourceTree = "<group>"; };
		2C30EF2219B7C17500675799 /* AppDelegate.swift */ = {isa = PBXFileReference; lastKnownFileType = sourcecode.swift; path = AppDelegate.swift; sourceTree = "<group>"; };
		2C30EF2419B7C17500675799 /* MainScreen.swift */ = {isa = PBXFileReference; lastKnownFileType = sourcecode.swift; path = MainScreen.swift; sourceTree = "<group>"; };
		2C30EF2919B7C17500675799 /* Images.xcassets */ = {isa = PBXFileReference; lastKnownFileType = folder.assetcatalog; path = Images.xcassets; sourceTree = "<group>"; };
		2C30EF2F19B7C17500675799 /* TileGameTests.xctest */ = {isa = PBXFileReference; explicitFileType = wrapper.cfbundle; includeInIndex = 0; path = TileGameTests.xctest; sourceTree = BUILT_PRODUCTS_DIR; };
		2C30EF3419B7C17500675799 /* Info.plist */ = {isa = PBXFileReference; lastKnownFileType = text.plist.xml; path = Info.plist; sourceTree = "<group>"; };
		2C30EF3519B7C17500675799 /* TileGameTests.swift */ = {isa = PBXFileReference; lastKnownFileType = sourcecode.swift; path = TileGameTests.swift; sourceTree = "<group>"; };
		2C30EF4B19B7CD0700675799 /* GameScreen.swift */ = {isa = PBXFileReference; fileEncoding = 4; lastKnownFileType = sourcecode.swift; path = GameScreen.swift; sourceTree = "<group>"; };
		2C320D8D1A423C4400B87E80 /* TileAreaView.swift */ = {isa = PBXFileReference; fileEncoding = 4; lastKnownFileType = sourcecode.swift; path = TileAreaView.swift; sourceTree = "<group>"; };
		2C320D8F1A424C6400B87E80 /* PuzzleSolvedProtocol.swift */ = {isa = PBXFileReference; fileEncoding = 4; lastKnownFileType = sourcecode.swift; path = PuzzleSolvedProtocol.swift; sourceTree = "<group>"; };
		2C320D911A438D9A00B87E80 /* TileAreaView2.swift */ = {isa = PBXFileReference; fileEncoding = 4; lastKnownFileType = sourcecode.swift; path = TileAreaView2.swift; sourceTree = "<group>"; };
		2C320D931A43952C00B87E80 /* DoubleIndex.swift */ = {isa = PBXFileReference; fileEncoding = 4; lastKnownFileType = sourcecode.swift; path = DoubleIndex.swift; sourceTree = "<group>"; };
		2C320D951A439B9900B87E80 /* Tile.swift */ = {isa = PBXFileReference; fileEncoding = 4; lastKnownFileType = sourcecode.swift; path = Tile.swift; sourceTree = "<group>"; };
		2C57D4801A41016400A4F1AC /* augs.png */ = {isa = PBXFileReference; lastKnownFileType = image.png; path = augs.png; sourceTree = "<group>"; };
		2C57D4961A410CD500A4F1AC /* leftArrow.png */ = {isa = PBXFileReference; lastKnownFileType = image.png; path = leftArrow.png; sourceTree = "<group>"; };
		2C57D4971A410CD500A4F1AC /* rightArrow.png */ = {isa = PBXFileReference; lastKnownFileType = image.png; path = rightArrow.png; sourceTree = "<group>"; };
		2C6F89A51A4BBB4A00311891 /* 01small.jpeg */ = {isa = PBXFileReference; lastKnownFileType = image.jpeg; path = 01small.jpeg; sourceTree = "<group>"; };
		2C6F89A61A4BBB4A00311891 /* 02small.jpeg */ = {isa = PBXFileReference; lastKnownFileType = image.jpeg; path = 02small.jpeg; sourceTree = "<group>"; };
		2C6F89A71A4BBB4A00311891 /* 03small.jpeg */ = {isa = PBXFileReference; lastKnownFileType = image.jpeg; path = 03small.jpeg; sourceTree = "<group>"; };
		2C6F89A81A4BBB4A00311891 /* 04small.jpeg */ = {isa = PBXFileReference; lastKnownFileType = image.jpeg; path = 04small.jpeg; sourceTree = "<group>"; };
		2C6F89A91A4BBB4A00311891 /* 05small.jpeg */ = {isa = PBXFileReference; lastKnownFileType = image.jpeg; path = 05small.jpeg; sourceTree = "<group>"; };
		2C6F89AA1A4BBB4A00311891 /* 06small.jpeg */ = {isa = PBXFileReference; lastKnownFileType = image.jpeg; path = 06small.jpeg; sourceTree = "<group>"; };
		2C6F89AB1A4BBB4A00311891 /* 07small.jpeg */ = {isa = PBXFileReference; lastKnownFileType = image.jpeg; path = 07small.jpeg; sourceTree = "<group>"; };
		2C6F89AC1A4BBB4A00311891 /* 08small.jpeg */ = {isa = PBXFileReference; lastKnownFileType = image.jpeg; path = 08small.jpeg; sourceTree = "<group>"; };
		2C6F89AD1A4BBB4A00311891 /* 09small.jpeg */ = {isa = PBXFileReference; lastKnownFileType = image.jpeg; path = 09small.jpeg; sourceTree = "<group>"; };
		2C6F89AE1A4BBB4A00311891 /* 10small.jpeg */ = {isa = PBXFileReference; lastKnownFileType = image.jpeg; path = 10small.jpeg; sourceTree = "<group>"; };
		2C6F89AF1A4BBB4A00311891 /* 11small.jpeg */ = {isa = PBXFileReference; lastKnownFileType = image.jpeg; path = 11small.jpeg; sourceTree = "<group>"; };
		2C6F89B01A4BBB4A00311891 /* 12small.jpeg */ = {isa = PBXFileReference; lastKnownFileType = image.jpeg; path = 12small.jpeg; sourceTree = "<group>"; };
		2C6F89B11A4BBB4A00311891 /* 13small.jpeg */ = {isa = PBXFileReference; lastKnownFileType = image.jpeg; path = 13small.jpeg; sourceTree = "<group>"; };
		2C6F89B21A4BBB4A00311891 /* 14small.jpeg */ = {isa = PBXFileReference; lastKnownFileType = image.jpeg; path = 14small.jpeg; sourceTree = "<group>"; };
		2C6F89B31A4BBB4A00311891 /* 15small.jpeg */ = {isa = PBXFileReference; lastKnownFileType = image.jpeg; path = 15small.jpeg; sourceTree = "<group>"; };
		2C6F89B41A4BBB4A00311891 /* 16small.jpeg */ = {isa = PBXFileReference; lastKnownFileType = image.jpeg; path = 16small.jpeg; sourceTree = "<group>"; };
		2C6F89B51A4BBB4A00311891 /* 17small.jpeg */ = {isa = PBXFileReference; lastKnownFileType = image.jpeg; path = 17small.jpeg; sourceTree = "<group>"; };
		2C6F89B61A4BBB4A00311891 /* 18small.jpeg */ = {isa = PBXFileReference; lastKnownFileType = image.jpeg; path = 18small.jpeg; sourceTree = "<group>"; };
		2C6F89B71A4BBB4A00311891 /* 19small.jpeg */ = {isa = PBXFileReference; lastKnownFileType = image.jpeg; path = 19small.jpeg; sourceTree = "<group>"; };
		2C6F89B81A4BBB4A00311891 /* 20small.jpeg */ = {isa = PBXFileReference; lastKnownFileType = image.jpeg; path = 20small.jpeg; sourceTree = "<group>"; };
		2C6F89B91A4BBB4A00311891 /* 21small.jpeg */ = {isa = PBXFileReference; lastKnownFileType = image.jpeg; path = 21small.jpeg; sourceTree = "<group>"; };
		2C6F89BA1A4BBB4A00311891 /* 22small.jpeg */ = {isa = PBXFileReference; lastKnownFileType = image.jpeg; path = 22small.jpeg; sourceTree = "<group>"; };
		2C6F89BB1A4BBB4A00311891 /* 23small.jpeg */ = {isa = PBXFileReference; lastKnownFileType = image.jpeg; path = 23small.jpeg; sourceTree = "<group>"; };
		2C6F89BC1A4BBB4A00311891 /* 24small.jpeg */ = {isa = PBXFileReference; lastKnownFileType = image.jpeg; path = 24small.jpeg; sourceTree = "<group>"; };
		2C6F89BD1A4BBB4A00311891 /* 25small.jpeg */ = {isa = PBXFileReference; lastKnownFileType = image.jpeg; path = 25small.jpeg; sourceTree = "<group>"; };
		2C6F89BE1A4BBB4A00311891 /* 26small.jpeg */ = {isa = PBXFileReference; lastKnownFileType = image.jpeg; path = 26small.jpeg; sourceTree = "<group>"; };
		2C6F89BF1A4BBB4A00311891 /* 27small.jpeg */ = {isa = PBXFileReference; lastKnownFileType = image.jpeg; path = 27small.jpeg; sourceTree = "<group>"; };
		2CD299D51A477D620048FDD8 /* 11.jpeg */ = {isa = PBXFileReference; lastKnownFileType = image.jpeg; path = 11.jpeg; sourceTree = "<group>"; };
		2CD299D61A477D620048FDD8 /* 12.jpeg */ = {isa = PBXFileReference; lastKnownFileType = image.jpeg; path = 12.jpeg; sourceTree = "<group>"; };
		2CD299D71A477D620048FDD8 /* 13.jpeg */ = {isa = PBXFileReference; lastKnownFileType = image.jpeg; path = 13.jpeg; sourceTree = "<group>"; };
		2CD299D81A477D620048FDD8 /* 14.jpeg */ = {isa = PBXFileReference; lastKnownFileType = image.jpeg; path = 14.jpeg; sourceTree = "<group>"; };
		2CD299D91A477D620048FDD8 /* 15.jpeg */ = {isa = PBXFileReference; lastKnownFileType = image.jpeg; path = 15.jpeg; sourceTree = "<group>"; };
		2CD299DA1A477D620048FDD8 /* 16.jpeg */ = {isa = PBXFileReference; lastKnownFileType = image.jpeg; path = 16.jpeg; sourceTree = "<group>"; };
		2CD299DB1A477D620048FDD8 /* 17.jpeg */ = {isa = PBXFileReference; lastKnownFileType = image.jpeg; path = 17.jpeg; sourceTree = "<group>"; };
		2CD299DC1A477D620048FDD8 /* 18.jpeg */ = {isa = PBXFileReference; lastKnownFileType = image.jpeg; path = 18.jpeg; sourceTree = "<group>"; };
		2CD299DD1A477D620048FDD8 /* 19.jpeg */ = {isa = PBXFileReference; lastKnownFileType = image.jpeg; path = 19.jpeg; sourceTree = "<group>"; };
		2CD299DE1A477D620048FDD8 /* 20.jpeg */ = {isa = PBXFileReference; lastKnownFileType = image.jpeg; path = 20.jpeg; sourceTree = "<group>"; };
		2CD299DF1A477D620048FDD8 /* 21.jpeg */ = {isa = PBXFileReference; lastKnownFileType = image.jpeg; path = 21.jpeg; sourceTree = "<group>"; };
		2CD299E01A477D620048FDD8 /* 22.jpeg */ = {isa = PBXFileReference; lastKnownFileType = image.jpeg; path = 22.jpeg; sourceTree = "<group>"; };
		2CD299E11A477D620048FDD8 /* 23.jpeg */ = {isa = PBXFileReference; lastKnownFileType = image.jpeg; path = 23.jpeg; sourceTree = "<group>"; };
		2CD299E21A477D620048FDD8 /* 24.jpeg */ = {isa = PBXFileReference; lastKnownFileType = image.jpeg; path = 24.jpeg; sourceTree = "<group>"; };
		2CD299E31A477D620048FDD8 /* 25.jpeg */ = {isa = PBXFileReference; lastKnownFileType = image.jpeg; path = 25.jpeg; sourceTree = "<group>"; };
		2CD299E41A477D620048FDD8 /* 26.jpeg */ = {isa = PBXFileReference; lastKnownFileType = image.jpeg; path = 26.jpeg; sourceTree = "<group>"; };
		2CD299E51A477D620048FDD8 /* 27.jpeg */ = {isa = PBXFileReference; lastKnownFileType = image.jpeg; path = 27.jpeg; sourceTree = "<group>"; };
		2CD299F71A477F640048FDD8 /* ImageGallery.swift */ = {isa = PBXFileReference; fileEncoding = 4; lastKnownFileType = sourcecode.swift; path = ImageGallery.swift; sourceTree = "<group>"; };
		2CD299FB1A47A9BA0048FDD8 /* gridIcon.png */ = {isa = PBXFileReference; lastKnownFileType = image.png; path = gridIcon.png; sourceTree = "<group>"; };
		2CD422851A450F2400B08420 /* Button.xib */ = {isa = PBXFileReference; fileEncoding = 4; lastKnownFileType = file.xib; path = Button.xib; sourceTree = "<group>"; };
		2CD4229B1A4528AE00B08420 /* 01.jpeg */ = {isa = PBXFileReference; lastKnownFileType = image.jpeg; path = 01.jpeg; sourceTree = "<group>"; };
		2CD4229C1A4528AE00B08420 /* 02.jpeg */ = {isa = PBXFileReference; lastKnownFileType = image.jpeg; path = 02.jpeg; sourceTree = "<group>"; };
		2CD4229D1A4528AE00B08420 /* 03.jpeg */ = {isa = PBXFileReference; lastKnownFileType = image.jpeg; path = 03.jpeg; sourceTree = "<group>"; };
		2CD4229E1A4528AE00B08420 /* 04.jpeg */ = {isa = PBXFileReference; lastKnownFileType = image.jpeg; path = 04.jpeg; sourceTree = "<group>"; };
		2CD4229F1A4528AE00B08420 /* 05.jpeg */ = {isa = PBXFileReference; lastKnownFileType = image.jpeg; path = 05.jpeg; sourceTree = "<group>"; };
		2CD422A01A4528AE00B08420 /* 06.jpeg */ = {isa = PBXFileReference; lastKnownFileType = image.jpeg; path = 06.jpeg; sourceTree = "<group>"; };
		2CD422A11A4528AE00B08420 /* 07.jpeg */ = {isa = PBXFileReference; lastKnownFileType = image.jpeg; path = 07.jpeg; sourceTree = "<group>"; };
		2CD422A21A4528AE00B08420 /* 08.jpeg */ = {isa = PBXFileReference; lastKnownFileType = image.jpeg; path = 08.jpeg; sourceTree = "<group>"; };
		2CD422A31A4528AE00B08420 /* 09.jpeg */ = {isa = PBXFileReference; lastKnownFileType = image.jpeg; path = 09.jpeg; sourceTree = "<group>"; };
		2CD422A41A4528AE00B08420 /* 10.jpeg */ = {isa = PBXFileReference; lastKnownFileType = image.jpeg; path = 10.jpeg; sourceTree = "<group>"; };
		2CD422AF1A45372800B08420 /* CollectionViewImageCell.xib */ = {isa = PBXFileReference; fileEncoding = 4; lastKnownFileType = file.xib; path = CollectionViewImageCell.xib; sourceTree = "<group>"; };
		2CD422B11A453CE500B08420 /* CollectionViewImageCell.swift */ = {isa = PBXFileReference; fileEncoding = 4; lastKnownFileType = sourcecode.swift; path = CollectionViewImageCell.swift; sourceTree = "<group>"; };
		2CD422B61A45476700B08420 /* Todo */ = {isa = PBXFileReference; fileEncoding = 4; lastKnownFileType = text; path = Todo; sourceTree = "<group>"; };
		2CD422B81A4548C400B08420 /* DrawGrid.swift */ = {isa = PBXFileReference; fileEncoding = 4; lastKnownFileType = sourcecode.swift; path = DrawGrid.swift; sourceTree = "<group>"; };
		2CD4899D1A49333E004535A6 /* cameraIcon.png */ = {isa = PBXFileReference; lastKnownFileType = image.png; path = cameraIcon.png; sourceTree = "<group>"; };
		2CD489A31A4935F1004535A6 /* goIcon.png */ = {isa = PBXFileReference; lastKnownFileType = image.png; path = goIcon.png; sourceTree = "<group>"; };
		2CF87B111A47B7D3001CD8E9 /* galleryIcon.png */ = {isa = PBXFileReference; lastKnownFileType = image.png; path = galleryIcon.png; sourceTree = "<group>"; };
		2CF87B131A47D1AA001CD8E9 /* downTriangle.png */ = {isa = PBXFileReference; lastKnownFileType = image.png; path = downTriangle.png; sourceTree = "<group>"; };
		2CF87B141A47D1AA001CD8E9 /* leftTriangle.png */ = {isa = PBXFileReference; lastKnownFileType = image.png; path = leftTriangle.png; sourceTree = "<group>"; };
		2CF87B151A47D1AA001CD8E9 /* rightTriangle.png */ = {isa = PBXFileReference; lastKnownFileType = image.png; path = rightTriangle.png; sourceTree = "<group>"; };
		2CF87B161A47D1AA001CD8E9 /* upTriangle.png */ = {isa = PBXFileReference; lastKnownFileType = image.png; path = upTriangle.png; sourceTree = "<group>"; };
		2CFA65AC19B9A8F200D9F40E /* Main.storyboard */ = {isa = PBXFileReference; fileEncoding = 4; lastKnownFileType = file.storyboard; path = Main.storyboard; sourceTree = "<group>"; };
		2CFD40C819B82A8100275DB3 /* tilePlayground.playground */ = {isa = PBXFileReference; lastKnownFileType = file.playground; path = tilePlayground.playground; sourceTree = "<group>"; };
/* End PBXFileReference section */

/* Begin PBXFrameworksBuildPhase section */
		2C30EF1A19B7C17500675799 /* Frameworks */ = {
			isa = PBXFrameworksBuildPhase;
			buildActionMask = 2147483647;
			files = (
			);
			runOnlyForDeploymentPostprocessing = 0;
		};
		2C30EF2C19B7C17500675799 /* Frameworks */ = {
			isa = PBXFrameworksBuildPhase;
			buildActionMask = 2147483647;
			files = (
			);
			runOnlyForDeploymentPostprocessing = 0;
		};
/* End PBXFrameworksBuildPhase section */

/* Begin PBXGroup section */
		2C30EF1419B7C17500675799 = {
			isa = PBXGroup;
			children = (
				2C30EF1F19B7C17500675799 /* TileGame */,
				2C30EF3219B7C17500675799 /* TileGameTests */,
				2C30EF1E19B7C17500675799 /* Products */,
			);
			sourceTree = "<group>";
		};
		2C30EF1E19B7C17500675799 /* Products */ = {
			isa = PBXGroup;
			children = (
				2C30EF1D19B7C17500675799 /* TileGame.app */,
				2C30EF2F19B7C17500675799 /* TileGameTests.xctest */,
			);
			name = Products;
			sourceTree = "<group>";
		};
		2C30EF1F19B7C17500675799 /* TileGame */ = {
			isa = PBXGroup;
			children = (
				2CD422B61A45476700B08420 /* Todo */,
				2C30EF4A19B7C1F000675799 /* images */,
				2CD422B31A453D4100B08420 /* Main Screen */,
				2CD422B41A453D6000B08420 /* Game Screen */,
				2CD422B51A453D8600B08420 /* Model */,
				2CFA65AC19B9A8F200D9F40E /* Main.storyboard */,
				2CD422851A450F2400B08420 /* Button.xib */,
				2C30EF2219B7C17500675799 /* AppDelegate.swift */,
				2C320D8D1A423C4400B87E80 /* TileAreaView.swift */,
				2C30EF2919B7C17500675799 /* Images.xcassets */,
				2C30EF2019B7C17500675799 /* Supporting Files */,
			);
			path = TileGame;
			sourceTree = "<group>";
		};
		2C30EF2019B7C17500675799 /* Supporting Files */ = {
			isa = PBXGroup;
			children = (
				2CFD40C819B82A8100275DB3 /* tilePlayground.playground */,
				2C30EF2119B7C17500675799 /* Info.plist */,
			);
			name = "Supporting Files";
			sourceTree = "<group>";
		};
		2C30EF3219B7C17500675799 /* TileGameTests */ = {
			isa = PBXGroup;
			children = (
				2C30EF3519B7C17500675799 /* TileGameTests.swift */,
				2C30EF3319B7C17500675799 /* Supporting Files */,
			);
			path = TileGameTests;
			sourceTree = "<group>";
		};
		2C30EF3319B7C17500675799 /* Supporting Files */ = {
			isa = PBXGroup;
			children = (
				2C30EF3419B7C17500675799 /* Info.plist */,
			);
			name = "Supporting Files";
			sourceTree = "<group>";
		};
		2C30EF4A19B7C1F000675799 /* images */ = {
			isa = PBXGroup;
			children = (
				2CD422BC1A455FB900B08420 /* Puzzle Images */,
				2CD299FF1A47B6490048FDD8 /* Icons */,
				2C57D4961A410CD500A4F1AC /* leftArrow.png */,
				2C57D4971A410CD500A4F1AC /* rightArrow.png */,
				2C57D4801A41016400A4F1AC /* augs.png */,
			);
			name = images;
			sourceTree = "<group>";
		};
		2C6F89A41A4BB80300311891 /* Small versions */ = {
			isa = PBXGroup;
			children = (
				2C6F89A51A4BBB4A00311891 /* 01small.jpeg */,
				2C6F89A61A4BBB4A00311891 /* 02small.jpeg */,
				2C6F89A71A4BBB4A00311891 /* 03small.jpeg */,
				2C6F89A81A4BBB4A00311891 /* 04small.jpeg */,
				2C6F89A91A4BBB4A00311891 /* 05small.jpeg */,
				2C6F89AA1A4BBB4A00311891 /* 06small.jpeg */,
				2C6F89AB1A4BBB4A00311891 /* 07small.jpeg */,
				2C6F89AC1A4BBB4A00311891 /* 08small.jpeg */,
				2C6F89AD1A4BBB4A00311891 /* 09small.jpeg */,
				2C6F89AE1A4BBB4A00311891 /* 10small.jpeg */,
				2C6F89AF1A4BBB4A00311891 /* 11small.jpeg */,
				2C6F89B01A4BBB4A00311891 /* 12small.jpeg */,
				2C6F89B11A4BBB4A00311891 /* 13small.jpeg */,
				2C6F89B21A4BBB4A00311891 /* 14small.jpeg */,
				2C6F89B31A4BBB4A00311891 /* 15small.jpeg */,
				2C6F89B41A4BBB4A00311891 /* 16small.jpeg */,
				2C6F89B51A4BBB4A00311891 /* 17small.jpeg */,
				2C6F89B61A4BBB4A00311891 /* 18small.jpeg */,
				2C6F89B71A4BBB4A00311891 /* 19small.jpeg */,
				2C6F89B81A4BBB4A00311891 /* 20small.jpeg */,
				2C6F89B91A4BBB4A00311891 /* 21small.jpeg */,
				2C6F89BA1A4BBB4A00311891 /* 22small.jpeg */,
				2C6F89BB1A4BBB4A00311891 /* 23small.jpeg */,
				2C6F89BC1A4BBB4A00311891 /* 24small.jpeg */,
				2C6F89BD1A4BBB4A00311891 /* 25small.jpeg */,
				2C6F89BE1A4BBB4A00311891 /* 26small.jpeg */,
				2C6F89BF1A4BBB4A00311891 /* 27small.jpeg */,
			);
			name = "Small versions";
			sourceTree = "<group>";
		};
		2CD299FF1A47B6490048FDD8 /* Icons */ = {
			isa = PBXGroup;
			children = (
				2CD489A31A4935F1004535A6 /* goIcon.png */,
				2CF87B131A47D1AA001CD8E9 /* downTriangle.png */,
				2CF87B141A47D1AA001CD8E9 /* leftTriangle.png */,
				2CF87B151A47D1AA001CD8E9 /* rightTriangle.png */,
				2CD4899D1A49333E004535A6 /* cameraIcon.png */,
				2CF87B161A47D1AA001CD8E9 /* upTriangle.png */,
				2CD299FB1A47A9BA0048FDD8 /* gridIcon.png */,
				2CF87B111A47B7D3001CD8E9 /* galleryIcon.png */,
			);
			name = Icons;
			sourceTree = "<group>";
		};
		2CD422B31A453D4100B08420 /* Main Screen */ = {
			isa = PBXGroup;
			children = (
				2C30EF2419B7C17500675799 /* MainScreen.swift */,
				2CD422B11A453CE500B08420 /* CollectionViewImageCell.swift */,
				2CD422AF1A45372800B08420 /* CollectionViewImageCell.xib */,
				2CD422B81A4548C400B08420 /* DrawGrid.swift */,
			);
			name = "Main Screen";
			sourceTree = "<group>";
		};
		2CD422B41A453D6000B08420 /* Game Screen */ = {
			isa = PBXGroup;
			children = (
				2C30EF4B19B7CD0700675799 /* GameScreen.swift */,
				2C320D911A438D9A00B87E80 /* TileAreaView2.swift */,
			);
			name = "Game Screen";
			sourceTree = "<group>";
		};
		2CD422B51A453D8600B08420 /* Model */ = {
			isa = PBXGroup;
			children = (
				2C320D8F1A424C6400B87E80 /* PuzzleSolvedProtocol.swift */,
				2C320D951A439B9900B87E80 /* Tile.swift */,
				2C320D931A43952C00B87E80 /* DoubleIndex.swift */,
				2CD299F71A477F640048FDD8 /* ImageGallery.swift */,
			);
			name = Model;
			sourceTree = "<group>";
		};
		2CD422BC1A455FB900B08420 /* Puzzle Images */ = {
			isa = PBXGroup;
			children = (
				2CD4229B1A4528AE00B08420 /* 01.jpeg */,
				2CD4229C1A4528AE00B08420 /* 02.jpeg */,
				2CD4229D1A4528AE00B08420 /* 03.jpeg */,
				2CD4229E1A4528AE00B08420 /* 04.jpeg */,
				2CD4229F1A4528AE00B08420 /* 05.jpeg */,
				2CD422A01A4528AE00B08420 /* 06.jpeg */,
				2CD422A11A4528AE00B08420 /* 07.jpeg */,
				2CD422A21A4528AE00B08420 /* 08.jpeg */,
				2CD422A31A4528AE00B08420 /* 09.jpeg */,
				2CD422A41A4528AE00B08420 /* 10.jpeg */,
				2CD299D51A477D620048FDD8 /* 11.jpeg */,
				2CD299D61A477D620048FDD8 /* 12.jpeg */,
				2CD299D71A477D620048FDD8 /* 13.jpeg */,
				2CD299D81A477D620048FDD8 /* 14.jpeg */,
				2CD299D91A477D620048FDD8 /* 15.jpeg */,
				2CD299DA1A477D620048FDD8 /* 16.jpeg */,
				2CD299DB1A477D620048FDD8 /* 17.jpeg */,
				2CD299DC1A477D620048FDD8 /* 18.jpeg */,
				2CD299DD1A477D620048FDD8 /* 19.jpeg */,
				2CD299DE1A477D620048FDD8 /* 20.jpeg */,
				2CD299DF1A477D620048FDD8 /* 21.jpeg */,
				2CD299E01A477D620048FDD8 /* 22.jpeg */,
				2CD299E11A477D620048FDD8 /* 23.jpeg */,
				2CD299E21A477D620048FDD8 /* 24.jpeg */,
				2CD299E31A477D620048FDD8 /* 25.jpeg */,
				2CD299E41A477D620048FDD8 /* 26.jpeg */,
				2CD299E51A477D620048FDD8 /* 27.jpeg */,
				2C6F89A41A4BB80300311891 /* Small versions */,
			);
			name = "Puzzle Images";
			sourceTree = "<group>";
		};
/* End PBXGroup section */

/* Begin PBXNativeTarget section */
		2C30EF1C19B7C17500675799 /* TileGame */ = {
			isa = PBXNativeTarget;
			buildConfigurationList = 2C30EF3919B7C17500675799 /* Build configuration list for PBXNativeTarget "TileGame" */;
			buildPhases = (
				2C30EF1919B7C17500675799 /* Sources */,
				2C30EF1A19B7C17500675799 /* Frameworks */,
				2C30EF1B19B7C17500675799 /* Resources */,
			);
			buildRules = (
			);
			dependencies = (
			);
			name = TileGame;
			productName = TileGame;
			productReference = 2C30EF1D19B7C17500675799 /* TileGame.app */;
			productType = "com.apple.product-type.application";
		};
		2C30EF2E19B7C17500675799 /* TileGameTests */ = {
			isa = PBXNativeTarget;
			buildConfigurationList = 2C30EF3C19B7C17500675799 /* Build configuration list for PBXNativeTarget "TileGameTests" */;
			buildPhases = (
				2C30EF2B19B7C17500675799 /* Sources */,
				2C30EF2C19B7C17500675799 /* Frameworks */,
				2C30EF2D19B7C17500675799 /* Resources */,
			);
			buildRules = (
			);
			dependencies = (
				2C30EF3119B7C17500675799 /* PBXTargetDependency */,
			);
			name = TileGameTests;
			productName = TileGameTests;
			productReference = 2C30EF2F19B7C17500675799 /* TileGameTests.xctest */;
			productType = "com.apple.product-type.bundle.unit-test";
		};
/* End PBXNativeTarget section */

/* Begin PBXProject section */
		2C30EF1519B7C17500675799 /* Project object */ = {
			isa = PBXProject;
			attributes = {
				LastUpgradeCheck = 0600;
				ORGANIZATIONNAME = "Parker Lewis";
				TargetAttributes = {
					2C30EF1C19B7C17500675799 = {
						CreatedOnToolsVersion = 6.0;
						DevelopmentTeam = J42Q5AV837;
					};
					2C30EF2E19B7C17500675799 = {
						CreatedOnToolsVersion = 6.0;
						TestTargetID = 2C30EF1C19B7C17500675799;
					};
				};
			};
			buildConfigurationList = 2C30EF1819B7C17500675799 /* Build configuration list for PBXProject "TileGame" */;
			compatibilityVersion = "Xcode 3.2";
			developmentRegion = English;
			hasScannedForEncodings = 0;
			knownRegions = (
				en,
				Base,
			);
			mainGroup = 2C30EF1419B7C17500675799;
			productRefGroup = 2C30EF1E19B7C17500675799 /* Products */;
			projectDirPath = "";
			projectRoot = "";
			targets = (
				2C30EF1C19B7C17500675799 /* TileGame */,
				2C30EF2E19B7C17500675799 /* TileGameTests */,
			);
		};
/* End PBXProject section */

/* Begin PBXResourcesBuildPhase section */
		2C30EF1B19B7C17500675799 /* Resources */ = {
			isa = PBXResourcesBuildPhase;
			buildActionMask = 2147483647;
			files = (
				2C6F89D71A4BBB4A00311891 /* 24small.jpeg in Resources */,
				2CFA65AD19B9A8F200D9F40E /* Main.storyboard in Resources */,
				2CD299EA1A477D620048FDD8 /* 15.jpeg in Resources */,
				2C6F89C01A4BBB4A00311891 /* 01small.jpeg in Resources */,
				2CD299EE1A477D620048FDD8 /* 19.jpeg in Resources */,
				2CF87B191A47D1AA001CD8E9 /* rightTriangle.png in Resources */,
				2C6F89CC1A4BBB4A00311891 /* 13small.jpeg in Resources */,
				2C6F89CB1A4BBB4A00311891 /* 12small.jpeg in Resources */,
				2CD422B01A45372800B08420 /* CollectionViewImageCell.xib in Resources */,
				2CD4899E1A49333E004535A6 /* cameraIcon.png in Resources */,
				2CD422A71A4528AE00B08420 /* 03.jpeg in Resources */,
				2CD422A91A4528AE00B08420 /* 05.jpeg in Resources */,
				2CD422AC1A4528AE00B08420 /* 08.jpeg in Resources */,
				2CD299F51A477D620048FDD8 /* 26.jpeg in Resources */,
				2CF87B1A1A47D1AA001CD8E9 /* upTriangle.png in Resources */,
				2C6F89D51A4BBB4A00311891 /* 22small.jpeg in Resources */,
				2C6F89DA1A4BBB4A00311891 /* 27small.jpeg in Resources */,
				2CD422A61A4528AE00B08420 /* 02.jpeg in Resources */,
				2CD422A81A4528AE00B08420 /* 04.jpeg in Resources */,
				2C6F89C41A4BBB4A00311891 /* 05small.jpeg in Resources */,
				2C6F89D01A4BBB4A00311891 /* 17small.jpeg in Resources */,
				2CD299E71A477D620048FDD8 /* 12.jpeg in Resources */,
				2CD489A41A4935F1004535A6 /* goIcon.png in Resources */,
				2CD299ED1A477D620048FDD8 /* 18.jpeg in Resources */,
				2CD299FC1A47A9BA0048FDD8 /* gridIcon.png in Resources */,
				2CD422AB1A4528AE00B08420 /* 07.jpeg in Resources */,
				2C6F89D21A4BBB4A00311891 /* 19small.jpeg in Resources */,
				2C6F89CF1A4BBB4A00311891 /* 16small.jpeg in Resources */,
				2CD299EB1A477D620048FDD8 /* 16.jpeg in Resources */,
				2C6F89C71A4BBB4A00311891 /* 08small.jpeg in Resources */,
				2CD299EF1A477D620048FDD8 /* 20.jpeg in Resources */,
				2C6F89D41A4BBB4A00311891 /* 21small.jpeg in Resources */,
				2C6F89D91A4BBB4A00311891 /* 26small.jpeg in Resources */,
				2C6F89D61A4BBB4A00311891 /* 23small.jpeg in Resources */,
				2C57D4981A410CD500A4F1AC /* leftArrow.png in Resources */,
				2C6F89C11A4BBB4A00311891 /* 02small.jpeg in Resources */,
				2CF87B121A47B7D3001CD8E9 /* galleryIcon.png in Resources */,
				2C6F89C81A4BBB4A00311891 /* 09small.jpeg in Resources */,
				2C6F89CA1A4BBB4A00311891 /* 11small.jpeg in Resources */,
				2C57D4991A410CD500A4F1AC /* rightArrow.png in Resources */,
				2CF87B171A47D1AA001CD8E9 /* downTriangle.png in Resources */,
				2CD299F41A477D620048FDD8 /* 25.jpeg in Resources */,
				2CD299E91A477D620048FDD8 /* 14.jpeg in Resources */,
				2C6F89CD1A4BBB4A00311891 /* 14small.jpeg in Resources */,
				2C6F89CE1A4BBB4A00311891 /* 15small.jpeg in Resources */,
				2CD299F21A477D620048FDD8 /* 23.jpeg in Resources */,
				2CD422861A450F2400B08420 /* Button.xib in Resources */,
				2CD299E81A477D620048FDD8 /* 13.jpeg in Resources */,
				2CD422AE1A4528AE00B08420 /* 10.jpeg in Resources */,
				2CD299F61A477D620048FDD8 /* 27.jpeg in Resources */,
				2CF87B181A47D1AA001CD8E9 /* leftTriangle.png in Resources */,
				2C6F89C21A4BBB4A00311891 /* 03small.jpeg in Resources */,
				2CD422B71A45476700B08420 /* Todo in Resources */,
				2CD299F11A477D620048FDD8 /* 22.jpeg in Resources */,
				2CD422A51A4528AE00B08420 /* 01.jpeg in Resources */,
				2CD299E61A477D620048FDD8 /* 11.jpeg in Resources */,
				2CD299EC1A477D620048FDD8 /* 17.jpeg in Resources */,
				2C6F89C91A4BBB4A00311891 /* 10small.jpeg in Resources */,
				2CD422AA1A4528AE00B08420 /* 06.jpeg in Resources */,
				2CD422AD1A4528AE00B08420 /* 09.jpeg in Resources */,
				2C30EF2A19B7C17500675799 /* Images.xcassets in Resources */,
				2C6F89C61A4BBB4A00311891 /* 07small.jpeg in Resources */,
				2C6F89D81A4BBB4A00311891 /* 25small.jpeg in Resources */,
				2C6F89C31A4BBB4A00311891 /* 04small.jpeg in Resources */,
				2C6F89D11A4BBB4A00311891 /* 18small.jpeg in Resources */,
				2CD299F01A477D620048FDD8 /* 21.jpeg in Resources */,
				2C6F89D31A4BBB4A00311891 /* 20small.jpeg in Resources */,
				2C57D48B1A41016400A4F1AC /* augs.png in Resources */,
				2C6F89C51A4BBB4A00311891 /* 06small.jpeg in Resources */,
				2CD299F31A477D620048FDD8 /* 24.jpeg in Resources */,
			);
			runOnlyForDeploymentPostprocessing = 0;
		};
		2C30EF2D19B7C17500675799 /* Resources */ = {
			isa = PBXResourcesBuildPhase;
			buildActionMask = 2147483647;
			files = (
			);
			runOnlyForDeploymentPostprocessing = 0;
		};
/* End PBXResourcesBuildPhase section */

/* Begin PBXSourcesBuildPhase section */
		2C30EF1919B7C17500675799 /* Sources */ = {
			isa = PBXSourcesBuildPhase;
			buildActionMask = 2147483647;
			files = (
				2C320D8E1A423C4400B87E80 /* TileAreaView.swift in Sources */,
				2C30EF2519B7C17500675799 /* MainScreen.swift in Sources */,
				2C320D921A438D9A00B87E80 /* TileAreaView2.swift in Sources */,
				2CD422B91A4548C400B08420 /* DrawGrid.swift in Sources */,
				2C320D961A439B9900B87E80 /* Tile.swift in Sources */,
				2CD422B21A453CE500B08420 /* CollectionViewImageCell.swift in Sources */,
				2C320D901A424C6400B87E80 /* PuzzleSolvedProtocol.swift in Sources */,
				2C30EF4C19B7CD0700675799 /* GameScreen.swift in Sources */,
				2C30EF2319B7C17500675799 /* AppDelegate.swift in Sources */,
				2C320D941A43952C00B87E80 /* DoubleIndex.swift in Sources */,
				2CD299F81A477F640048FDD8 /* ImageGallery.swift in Sources */,
			);
			runOnlyForDeploymentPostprocessing = 0;
		};
		2C30EF2B19B7C17500675799 /* Sources */ = {
			isa = PBXSourcesBuildPhase;
			buildActionMask = 2147483647;
			files = (
				2C30EF3619B7C17500675799 /* TileGameTests.swift in Sources */,
			);
			runOnlyForDeploymentPostprocessing = 0;
		};
/* End PBXSourcesBuildPhase section */

/* Begin PBXTargetDependency section */
		2C30EF3119B7C17500675799 /* PBXTargetDependency */ = {
			isa = PBXTargetDependency;
			target = 2C30EF1C19B7C17500675799 /* TileGame */;
			targetProxy = 2C30EF3019B7C17500675799 /* PBXContainerItemProxy */;
		};
/* End PBXTargetDependency section */

/* Begin XCBuildConfiguration section */
		2C30EF3719B7C17500675799 /* Debug */ = {
			isa = XCBuildConfiguration;
			buildSettings = {
				ALWAYS_SEARCH_USER_PATHS = NO;
				CLANG_CXX_LANGUAGE_STANDARD = "gnu++0x";
				CLANG_CXX_LIBRARY = "libc++";
				CLANG_ENABLE_MODULES = YES;
				CLANG_ENABLE_OBJC_ARC = YES;
				CLANG_WARN_BOOL_CONVERSION = YES;
				CLANG_WARN_CONSTANT_CONVERSION = YES;
				CLANG_WARN_DIRECT_OBJC_ISA_USAGE = YES_ERROR;
				CLANG_WARN_EMPTY_BODY = YES;
				CLANG_WARN_ENUM_CONVERSION = YES;
				CLANG_WARN_INT_CONVERSION = YES;
				CLANG_WARN_OBJC_ROOT_CLASS = YES_ERROR;
				CLANG_WARN_UNREACHABLE_CODE = YES;
				CLANG_WARN__DUPLICATE_METHOD_MATCH = YES;
				"CODE_SIGN_IDENTITY[sdk=iphoneos*]" = "iPhone Developer";
				COPY_PHASE_STRIP = NO;
				ENABLE_STRICT_OBJC_MSGSEND = YES;
				GCC_C_LANGUAGE_STANDARD = gnu99;
				GCC_DYNAMIC_NO_PIC = NO;
				GCC_OPTIMIZATION_LEVEL = 0;
				GCC_PREPROCESSOR_DEFINITIONS = (
					"DEBUG=1",
					"$(inherited)",
				);
				GCC_SYMBOLS_PRIVATE_EXTERN = NO;
				GCC_WARN_64_TO_32_BIT_CONVERSION = YES;
				GCC_WARN_ABOUT_RETURN_TYPE = YES_ERROR;
				GCC_WARN_UNDECLARED_SELECTOR = YES;
				GCC_WARN_UNINITIALIZED_AUTOS = YES_AGGRESSIVE;
				GCC_WARN_UNUSED_FUNCTION = YES;
				GCC_WARN_UNUSED_VARIABLE = YES;
				IPHONEOS_DEPLOYMENT_TARGET = 8.0;
				MTL_ENABLE_DEBUG_INFO = YES;
				ONLY_ACTIVE_ARCH = YES;
				SDKROOT = iphoneos;
				SWIFT_OPTIMIZATION_LEVEL = "-Onone";
				TARGETED_DEVICE_FAMILY = "1,2";
			};
			name = Debug;
		};
		2C30EF3819B7C17500675799 /* Release */ = {
			isa = XCBuildConfiguration;
			buildSettings = {
				ALWAYS_SEARCH_USER_PATHS = NO;
				CLANG_CXX_LANGUAGE_STANDARD = "gnu++0x";
				CLANG_CXX_LIBRARY = "libc++";
				CLANG_ENABLE_MODULES = YES;
				CLANG_ENABLE_OBJC_ARC = YES;
				CLANG_WARN_BOOL_CONVERSION = YES;
				CLANG_WARN_CONSTANT_CONVERSION = YES;
				CLANG_WARN_DIRECT_OBJC_ISA_USAGE = YES_ERROR;
				CLANG_WARN_EMPTY_BODY = YES;
				CLANG_WARN_ENUM_CONVERSION = YES;
				CLANG_WARN_INT_CONVERSION = YES;
				CLANG_WARN_OBJC_ROOT_CLASS = YES_ERROR;
				CLANG_WARN_UNREACHABLE_CODE = YES;
				CLANG_WARN__DUPLICATE_METHOD_MATCH = YES;
				"CODE_SIGN_IDENTITY[sdk=iphoneos*]" = "iPhone Developer";
				COPY_PHASE_STRIP = YES;
				ENABLE_NS_ASSERTIONS = NO;
				ENABLE_STRICT_OBJC_MSGSEND = YES;
				GCC_C_LANGUAGE_STANDARD = gnu99;
				GCC_WARN_64_TO_32_BIT_CONVERSION = YES;
				GCC_WARN_ABOUT_RETURN_TYPE = YES_ERROR;
				GCC_WARN_UNDECLARED_SELECTOR = YES;
				GCC_WARN_UNINITIALIZED_AUTOS = YES_AGGRESSIVE;
				GCC_WARN_UNUSED_FUNCTION = YES;
				GCC_WARN_UNUSED_VARIABLE = YES;
				IPHONEOS_DEPLOYMENT_TARGET = 8.0;
				MTL_ENABLE_DEBUG_INFO = NO;
				SDKROOT = iphoneos;
				TARGETED_DEVICE_FAMILY = "1,2";
				VALIDATE_PRODUCT = YES;
			};
			name = Release;
		};
		2C30EF3A19B7C17500675799 /* Debug */ = {
			isa = XCBuildConfiguration;
			buildSettings = {
				ASSETCATALOG_COMPILER_APPICON_NAME = AppIcon;
				ASSETCATALOG_COMPILER_LAUNCHIMAGE_NAME = LaunchImage;
				CODE_SIGN_IDENTITY = "iPhone Developer";
				"CODE_SIGN_IDENTITY[sdk=iphoneos*]" = "iPhone Developer";
				INFOPLIST_FILE = TileGame/Info.plist;
				LD_RUNPATH_SEARCH_PATHS = "$(inherited) @executable_path/Frameworks";
				PRODUCT_NAME = "$(TARGET_NAME)";
				PROVISIONING_PROFILE = "";
			};
			name = Debug;
		};
		2C30EF3B19B7C17500675799 /* Release */ = {
			isa = XCBuildConfiguration;
			buildSettings = {
				ASSETCATALOG_COMPILER_APPICON_NAME = AppIcon;
				ASSETCATALOG_COMPILER_LAUNCHIMAGE_NAME = LaunchImage;
				CODE_SIGN_IDENTITY = "iPhone Developer";
				"CODE_SIGN_IDENTITY[sdk=iphoneos*]" = "iPhone Developer";
				INFOPLIST_FILE = TileGame/Info.plist;
				LD_RUNPATH_SEARCH_PATHS = "$(inherited) @executable_path/Frameworks";
				PRODUCT_NAME = "$(TARGET_NAME)";
				PROVISIONING_PROFILE = "";
			};
			name = Release;
		};
		2C30EF3D19B7C17500675799 /* Debug */ = {
			isa = XCBuildConfiguration;
			buildSettings = {
				BUNDLE_LOADER = "$(TEST_HOST)";
				FRAMEWORK_SEARCH_PATHS = (
					"$(SDKROOT)/Developer/Library/Frameworks",
					"$(inherited)",
				);
				GCC_PREPROCESSOR_DEFINITIONS = (
					"DEBUG=1",
					"$(inherited)",
				);
				INFOPLIST_FILE = TileGameTests/Info.plist;
				LD_RUNPATH_SEARCH_PATHS = "$(inherited) @executable_path/Frameworks @loader_path/Frameworks";
				PRODUCT_NAME = "$(TARGET_NAME)";
				TEST_HOST = "$(BUILT_PRODUCTS_DIR)/TileGame.app/TileGame";
			};
			name = Debug;
		};
		2C30EF3E19B7C17500675799 /* Release */ = {
			isa = XCBuildConfiguration;
			buildSettings = {
				BUNDLE_LOADER = "$(TEST_HOST)";
				FRAMEWORK_SEARCH_PATHS = (
					"$(SDKROOT)/Developer/Library/Frameworks",
					"$(inherited)",
				);
				INFOPLIST_FILE = TileGameTests/Info.plist;
				LD_RUNPATH_SEARCH_PATHS = "$(inherited) @executable_path/Frameworks @loader_path/Frameworks";
				PRODUCT_NAME = "$(TARGET_NAME)";
				TEST_HOST = "$(BUILT_PRODUCTS_DIR)/TileGame.app/TileGame";
			};
			name = Release;
		};
/* End XCBuildConfiguration section */

/* Begin XCConfigurationList section */
		2C30EF1819B7C17500675799 /* Build configuration list for PBXProject "TileGame" */ = {
			isa = XCConfigurationList;
			buildConfigurations = (
				2C30EF3719B7C17500675799 /* Debug */,
				2C30EF3819B7C17500675799 /* Release */,
			);
			defaultConfigurationIsVisible = 0;
			defaultConfigurationName = Release;
		};
		2C30EF3919B7C17500675799 /* Build configuration list for PBXNativeTarget "TileGame" */ = {
			isa = XCConfigurationList;
			buildConfigurations = (
				2C30EF3A19B7C17500675799 /* Debug */,
				2C30EF3B19B7C17500675799 /* Release */,
			);
			defaultConfigurationIsVisible = 0;
			defaultConfigurationName = Release;
		};
		2C30EF3C19B7C17500675799 /* Build configuration list for PBXNativeTarget "TileGameTests" */ = {
			isa = XCConfigurationList;
			buildConfigurations = (
				2C30EF3D19B7C17500675799 /* Debug */,
				2C30EF3E19B7C17500675799 /* Release */,
			);
			defaultConfigurationIsVisible = 0;
			defaultConfigurationName = Release;
		};
/* End XCConfigurationList section */
	};
	rootObject = 2C30EF1519B7C17500675799 /* Project object */;
}
